
Microsoft Visual Studio Solution File, Format Version 12.00
# Visual Studio Version 17
VisualStudioVersion = 17.3.32811.315
MinimumVisualStudioVersion = 10.0.40219.1
Project("{FAE04EC0-301F-11D3-BF4B-00C04F79EFBC}") = "23DH110315_Mau9", "23DH110315_Mau9\23DH110315_Mau9.csproj", "{CE823FCA-034E-4493-A0D0-9B00EFDEF400}"
EndProject
Global
	GlobalSection(SolutionConfigurationPlatforms) = preSolution
		Debug|Any CPU = Debug|Any CPU
		Release|Any CPU = Release|Any CPU
	EndGlobalSection
	GlobalSection(ProjectConfigurationPlatforms) = postSolution
		{CE823FCA-034E-4493-A0D0-9B00EFDEF400}.Debug|Any CPU.ActiveCfg = Debug|Any CPU
		{CE823FCA-034E-4493-A0D0-9B00EFDEF400}.Debug|Any CPU.Build.0 = Debug|Any CPU
		{CE823FCA-034E-4493-A0D0-9B00EFDEF400}.Release|Any CPU.ActiveCfg = Release|Any CPU
		{CE823FCA-034E-4493-A0D0-9B00EFDEF400}.Release|Any CPU.Build.0 = Release|Any CPU
	EndGlobalSection
	GlobalSection(SolutionProperties) = preSolution
		HideSolutionNode = FALSE
	EndGlobalSection
	GlobalSection(ExtensibilityGlobals) = postSolution
		SolutionGuid = {2390D549-FE56-4432-8EEA-7BC89B81B9A2}
	EndGlobalSection
EndGlobal
